// !$*UTF8*$!
{
	archiveVersion = 1;
	classes = {
	};
	objectVersion = 50;
	objects = {

/* Begin PBXBuildFile section */
		EB43B5C92218B24A00615BA5 /* AppDelegate.swift in Sources */ = {isa = PBXBuildFile; fileRef = EB43B5C82218B24A00615BA5 /* AppDelegate.swift */; };
		EB43B5CB2218B24A00615BA5 /* GameScene.sks in Resources */ = {isa = PBXBuildFile; fileRef = EB43B5CA2218B24A00615BA5 /* GameScene.sks */; };
		EB43B5CD2218B24A00615BA5 /* Actions.sks in Resources */ = {isa = PBXBuildFile; fileRef = EB43B5CC2218B24A00615BA5 /* Actions.sks */; };
		EB43B5CF2218B24A00615BA5 /* GameScene.swift in Sources */ = {isa = PBXBuildFile; fileRef = EB43B5CE2218B24A00615BA5 /* GameScene.swift */; };
		EB43B5D12218B24A00615BA5 /* GameViewController.swift in Sources */ = {isa = PBXBuildFile; fileRef = EB43B5D02218B24A00615BA5 /* GameViewController.swift */; };
		EB43B5D42218B24A00615BA5 /* Main.storyboard in Resources */ = {isa = PBXBuildFile; fileRef = EB43B5D22218B24A00615BA5 /* Main.storyboard */; };
		EB43B5D62218B24C00615BA5 /* Assets.xcassets in Resources */ = {isa = PBXBuildFile; fileRef = EB43B5D52218B24C00615BA5 /* Assets.xcassets */; };
		EB43B5D92218B24D00615BA5 /* LaunchScreen.storyboard in Resources */ = {isa = PBXBuildFile; fileRef = EB43B5D72218B24D00615BA5 /* LaunchScreen.storyboard */; };
		EB43B5E42218B24D00615BA5 /* BasicsTests.swift in Sources */ = {isa = PBXBuildFile; fileRef = EB43B5E32218B24D00615BA5 /* BasicsTests.swift */; };
		EB43B5EF2218B24D00615BA5 /* BasicsUITests.swift in Sources */ = {isa = PBXBuildFile; fileRef = EB43B5EE2218B24D00615BA5 /* BasicsUITests.swift */; };
		EB91643C2218C42300D488BE /* MainMenu.sks in Resources */ = {isa = PBXBuildFile; fileRef = EB91643B2218C42300D488BE /* MainMenu.sks */; };
		EB91643E2218C60200D488BE /* MainMenu.swift in Sources */ = {isa = PBXBuildFile; fileRef = EB91643D2218C60200D488BE /* MainMenu.swift */; };
/* End PBXBuildFile section */

/* Begin PBXContainerItemProxy section */
		EB43B5E02218B24D00615BA5 /* PBXContainerItemProxy */ = {
			isa = PBXContainerItemProxy;
			containerPortal = EB43B5BD2218B24A00615BA5 /* Project object */;
			proxyType = 1;
			remoteGlobalIDString = EB43B5C42218B24A00615BA5;
			remoteInfo = Basics;
		};
		EB43B5EB2218B24D00615BA5 /* PBXContainerItemProxy */ = {
			isa = PBXContainerItemProxy;
			containerPortal = EB43B5BD2218B24A00615BA5 /* Project object */;
			proxyType = 1;
			remoteGlobalIDString = EB43B5C42218B24A00615BA5;
			remoteInfo = Basics;
		};
/* End PBXContainerItemProxy section */

/* Begin PBXFileReference section */
		EB43B5C52218B24A00615BA5 /* Basics.app */ = {isa = PBXFileReference; explicitFileType = wrapper.application; includeInIndex = 0; path = Basics.app; sourceTree = BUILT_PRODUCTS_DIR; };
		EB43B5C82218B24A00615BA5 /* AppDelegate.swift */ = {isa = PBXFileReference; lastKnownFileType = sourcecode.swift; path = AppDelegate.swift; sourceTree = "<group>"; };
		EB43B5CA2218B24A00615BA5 /* GameScene.sks */ = {isa = PBXFileReference; lastKnownFileType = file.sks; path = GameScene.sks; sourceTree = "<group>"; };
		EB43B5CC2218B24A00615BA5 /* Actions.sks */ = {isa = PBXFileReference; lastKnownFileType = file.sks; path = Actions.sks; sourceTree = "<group>"; };
		EB43B5CE2218B24A00615BA5 /* GameScene.swift */ = {isa = PBXFileReference; lastKnownFileType = sourcecode.swift; path = GameScene.swift; sourceTree = "<group>"; };
		EB43B5D02218B24A00615BA5 /* GameViewController.swift */ = {isa = PBXFileReference; lastKnownFileType = sourcecode.swift; path = GameViewController.swift; sourceTree = "<group>"; };
		EB43B5D32218B24A00615BA5 /* Base */ = {isa = PBXFileReference; lastKnownFileType = file.storyboard; name = Base; path = Base.lproj/Main.storyboard; sourceTree = "<group>"; };
		EB43B5D52218B24C00615BA5 /* Assets.xcassets */ = {isa = PBXFileReference; lastKnownFileType = folder.assetcatalog; path = Assets.xcassets; sourceTree = "<group>"; };
		EB43B5D82218B24D00615BA5 /* Base */ = {isa = PBXFileReference; lastKnownFileType = file.storyboard; name = Base; path = Base.lproj/LaunchScreen.storyboard; sourceTree = "<group>"; };
		EB43B5DA2218B24D00615BA5 /* Info.plist */ = {isa = PBXFileReference; lastKnownFileType = text.plist.xml; path = Info.plist; sourceTree = "<group>"; };
		EB43B5DF2218B24D00615BA5 /* BasicsTests.xctest */ = {isa = PBXFileReference; explicitFileType = wrapper.cfbundle; includeInIndex = 0; path = BasicsTests.xctest; sourceTree = BUILT_PRODUCTS_DIR; };
		EB43B5E32218B24D00615BA5 /* BasicsTests.swift */ = {isa = PBXFileReference; lastKnownFileType = sourcecode.swift; path = BasicsTests.swift; sourceTree = "<group>"; };
		EB43B5E52218B24D00615BA5 /* Info.plist */ = {isa = PBXFileReference; lastKnownFileType = text.plist.xml; path = Info.plist; sourceTree = "<group>"; };
		EB43B5EA2218B24D00615BA5 /* BasicsUITests.xctest */ = {isa = PBXFileReference; explicitFileType = wrapper.cfbundle; includeInIndex = 0; path = BasicsUITests.xctest; sourceTree = BUILT_PRODUCTS_DIR; };
		EB43B5EE2218B24D00615BA5 /* BasicsUITests.swift */ = {isa = PBXFileReference; lastKnownFileType = sourcecode.swift; path = BasicsUITests.swift; sourceTree = "<group>"; };
		EB43B5F02218B24D00615BA5 /* Info.plist */ = {isa = PBXFileReference; lastKnownFileType = text.plist.xml; path = Info.plist; sourceTree = "<group>"; };
		EB91643B2218C42300D488BE /* MainMenu.sks */ = {isa = PBXFileReference; lastKnownFileType = file.sks; path = MainMenu.sks; sourceTree = "<group>"; };
		EB91643D2218C60200D488BE /* MainMenu.swift */ = {isa = PBXFileReference; lastKnownFileType = sourcecode.swift; path = MainMenu.swift; sourceTree = "<group>"; };
/* End PBXFileReference section */

/* Begin PBXFrameworksBuildPhase section */
		EB43B5C22218B24A00615BA5 /* Frameworks */ = {
			isa = PBXFrameworksBuildPhase;
			buildActionMask = 2147483647;
			files = (
			);
			runOnlyForDeploymentPostprocessing = 0;
		};
		EB43B5DC2218B24D00615BA5 /* Frameworks */ = {
			isa = PBXFrameworksBuildPhase;
			buildActionMask = 2147483647;
			files = (
			);
			runOnlyForDeploymentPostprocessing = 0;
		};
		EB43B5E72218B24D00615BA5 /* Frameworks */ = {
			isa = PBXFrameworksBuildPhase;
			buildActionMask = 2147483647;
			files = (
			);
			runOnlyForDeploymentPostprocessing = 0;
		};
/* End PBXFrameworksBuildPhase section */

/* Begin PBXGroup section */
		EB43B5BC2218B24A00615BA5 = {
			isa = PBXGroup;
			children = (
				EB43B5C72218B24A00615BA5 /* Basics */,
				EB43B5E22218B24D00615BA5 /* BasicsTests */,
				EB43B5ED2218B24D00615BA5 /* BasicsUITests */,
				EB43B5C62218B24A00615BA5 /* Products */,
			);
			sourceTree = "<group>";
		};
		EB43B5C62218B24A00615BA5 /* Products */ = {
			isa = PBXGroup;
			children = (
				EB43B5C52218B24A00615BA5 /* Basics.app */,
				EB43B5DF2218B24D00615BA5 /* BasicsTests.xctest */,
				EB43B5EA2218B24D00615BA5 /* BasicsUITests.xctest */,
			);
			name = Products;
			sourceTree = "<group>";
		};
		EB43B5C72218B24A00615BA5 /* Basics */ = {
			isa = PBXGroup;
			children = (
				EB43B5C82218B24A00615BA5 /* AppDelegate.swift */,
				EB43B5CA2218B24A00615BA5 /* GameScene.sks */,
				EB43B5CC2218B24A00615BA5 /* Actions.sks */,
				EB43B5CE2218B24A00615BA5 /* GameScene.swift */,
				EB91643B2218C42300D488BE /* MainMenu.sks */,
				EB91643D2218C60200D488BE /* MainMenu.swift */,
				EB43B5D02218B24A00615BA5 /* GameViewController.swift */,
				EB43B5D22218B24A00615BA5 /* Main.storyboard */,
				EB43B5D52218B24C00615BA5 /* Assets.xcassets */,
				EB43B5D72218B24D00615BA5 /* LaunchScreen.storyboard */,
				EB43B5DA2218B24D00615BA5 /* Info.plist */,
			);
			path = Basics;
			sourceTree = "<group>";
		};
		EB43B5E22218B24D00615BA5 /* BasicsTests */ = {
			isa = PBXGroup;
			children = (
				EB43B5E32218B24D00615BA5 /* BasicsTests.swift */,
				EB43B5E52218B24D00615BA5 /* Info.plist */,
			);
			path = BasicsTests;
			sourceTree = "<group>";
		};
		EB43B5ED2218B24D00615BA5 /* BasicsUITests */ = {
			isa = PBXGroup;
			children = (
				EB43B5EE2218B24D00615BA5 /* BasicsUITests.swift */,
				EB43B5F02218B24D00615BA5 /* Info.plist */,
			);
			path = BasicsUITests;
			sourceTree = "<group>";
		};
/* End PBXGroup section */

/* Begin PBXNativeTarget section */
		EB43B5C42218B24A00615BA5 /* Basics */ = {
			isa = PBXNativeTarget;
			buildConfigurationList = EB43B5F32218B24D00615BA5 /* Build configuration list for PBXNativeTarget "Basics" */;
			buildPhases = (
				EB43B5C12218B24A00615BA5 /* Sources */,
				EB43B5C22218B24A00615BA5 /* Frameworks */,
				EB43B5C32218B24A00615BA5 /* Resources */,
			);
			buildRules = (
			);
			dependencies = (
			);
			name = Basics;
			productName = Basics;
			productReference = EB43B5C52218B24A00615BA5 /* Basics.app */;
			productType = "com.apple.product-type.application";
		};
		EB43B5DE2218B24D00615BA5 /* BasicsTests */ = {
			isa = PBXNativeTarget;
			buildConfigurationList = EB43B5F62218B24D00615BA5 /* Build configuration list for PBXNativeTarget "BasicsTests" */;
			buildPhases = (
				EB43B5DB2218B24D00615BA5 /* Sources */,
				EB43B5DC2218B24D00615BA5 /* Frameworks */,
				EB43B5DD2218B24D00615BA5 /* Resources */,
			);
			buildRules = (
			);
			dependencies = (
				EB43B5E12218B24D00615BA5 /* PBXTargetDependency */,
			);
			name = BasicsTests;
			productName = BasicsTests;
			productReference = EB43B5DF2218B24D00615BA5 /* BasicsTests.xctest */;
			productType = "com.apple.product-type.bundle.unit-test";
		};
		EB43B5E92218B24D00615BA5 /* BasicsUITests */ = {
			isa = PBXNativeTarget;
			buildConfigurationList = EB43B5F92218B24D00615BA5 /* Build configuration list for PBXNativeTarget "BasicsUITests" */;
			buildPhases = (
				EB43B5E62218B24D00615BA5 /* Sources */,
				EB43B5E72218B24D00615BA5 /* Frameworks */,
				EB43B5E82218B24D00615BA5 /* Resources */,
			);
			buildRules = (
			);
			dependencies = (
				EB43B5EC2218B24D00615BA5 /* PBXTargetDependency */,
			);
			name = BasicsUITests;
			productName = BasicsUITests;
			productReference = EB43B5EA2218B24D00615BA5 /* BasicsUITests.xctest */;
			productType = "com.apple.product-type.bundle.ui-testing";
		};
/* End PBXNativeTarget section */

/* Begin PBXProject section */
		EB43B5BD2218B24A00615BA5 /* Project object */ = {
			isa = PBXProject;
			attributes = {
				LastSwiftUpdateCheck = 1010;
				LastUpgradeCheck = 1010;
				ORGANIZATIONNAME = bib;
				TargetAttributes = {
					EB43B5C42218B24A00615BA5 = {
						CreatedOnToolsVersion = 10.1;
					};
					EB43B5DE2218B24D00615BA5 = {
						CreatedOnToolsVersion = 10.1;
						TestTargetID = EB43B5C42218B24A00615BA5;
					};
					EB43B5E92218B24D00615BA5 = {
						CreatedOnToolsVersion = 10.1;
						TestTargetID = EB43B5C42218B24A00615BA5;
					};
				};
			};
			buildConfigurationList = EB43B5C02218B24A00615BA5 /* Build configuration list for PBXProject "Basics" */;
			compatibilityVersion = "Xcode 9.3";
			developmentRegion = en;
			hasScannedForEncodings = 0;
			knownRegions = (
				en,
				Base,
			);
			mainGroup = EB43B5BC2218B24A00615BA5;
			productRefGroup = EB43B5C62218B24A00615BA5 /* Products */;
			projectDirPath = "";
			projectRoot = "";
			targets = (
				EB43B5C42218B24A00615BA5 /* Basics */,
				EB43B5DE2218B24D00615BA5 /* BasicsTests */,
				EB43B5E92218B24D00615BA5 /* BasicsUITests */,
			);
		};
/* End PBXProject section */

/* Begin PBXResourcesBuildPhase section */
		EB43B5C32218B24A00615BA5 /* Resources */ = {
			isa = PBXResourcesBuildPhase;
			buildActionMask = 2147483647;
			files = (
				EB43B5D42218B24A00615BA5 /* Main.storyboard in Resources */,
				EB91643C2218C42300D488BE /* MainMenu.sks in Resources */,
				EB43B5CB2218B24A00615BA5 /* GameScene.sks in Resources */,
				EB43B5D62218B24C00615BA5 /* Assets.xcassets in Resources */,
				EB43B5D92218B24D00615BA5 /* LaunchScreen.storyboard in Resources */,
				EB43B5CD2218B24A00615BA5 /* Actions.sks in Resources */,
			);
			runOnlyForDeploymentPostprocessing = 0;
		};
		EB43B5DD2218B24D00615BA5 /* Resources */ = {
			isa = PBXResourcesBuildPhase;
			buildActionMask = 2147483647;
			files = (
			);
			runOnlyForDeploymentPostprocessing = 0;
		};
		EB43B5E82218B24D00615BA5 /* Resources */ = {
			isa = PBXResourcesBuildPhase;
			buildActionMask = 2147483647;
			files = (
			);
			runOnlyForDeploymentPostprocessing = 0;
		};
/* End PBXResourcesBuildPhase section */

/* Begin PBXSourcesBuildPhase section */
		EB43B5C12218B24A00615BA5 /* Sources */ = {
			isa = PBXSourcesBuildPhase;
			buildActionMask = 2147483647;
			files = (
				EB43B5CF2218B24A00615BA5 /* GameScene.swift in Sources */,
				EB43B5D12218B24A00615BA5 /* GameViewController.swift in Sources */,
				EB43B5C92218B24A00615BA5 /* AppDelegate.swift in Sources */,
				EB91643E2218C60200D488BE /* MainMenu.swift in Sources */,
			);
			runOnlyForDeploymentPostprocessing = 0;
		};
		EB43B5DB2218B24D00615BA5 /* Sources */ = {
			isa = PBXSourcesBuildPhase;
			buildActionMask = 2147483647;
			files = (
				EB43B5E42218B24D00615BA5 /* BasicsTests.swift in Sources */,
			);
			runOnlyForDeploymentPostprocessing = 0;
		};
		EB43B5E62218B24D00615BA5 /* Sources */ = {
			isa = PBXSourcesBuildPhase;
			buildActionMask = 2147483647;
			files = (
				EB43B5EF2218B24D00615BA5 /* BasicsUITests.swift in Sources */,
			);
			runOnlyForDeploymentPostprocessing = 0;
		};
/* End PBXSourcesBuildPhase section */

/* Begin PBXTargetDependency section */
		EB43B5E12218B24D00615BA5 /* PBXTargetDependency */ = {
			isa = PBXTargetDependency;
			target = EB43B5C42218B24A00615BA5 /* Basics */;
			targetProxy = EB43B5E02218B24D00615BA5 /* PBXContainerItemProxy */;
		};
		EB43B5EC2218B24D00615BA5 /* PBXTargetDependency */ = {
			isa = PBXTargetDependency;
			target = EB43B5C42218B24A00615BA5 /* Basics */;
			targetProxy = EB43B5EB2218B24D00615BA5 /* PBXContainerItemProxy */;
		};
/* End PBXTargetDependency section */

/* Begin PBXVariantGroup section */
		EB43B5D22218B24A00615BA5 /* Main.storyboard */ = {
			isa = PBXVariantGroup;
			children = (
				EB43B5D32218B24A00615BA5 /* Base */,
			);
			name = Main.storyboard;
			sourceTree = "<group>";
		};
		EB43B5D72218B24D00615BA5 /* LaunchScreen.storyboard */ = {
			isa = PBXVariantGroup;
			children = (
				EB43B5D82218B24D00615BA5 /* Base */,
			);
			name = LaunchScreen.storyboard;
			sourceTree = "<group>";
		};
/* End PBXVariantGroup section */

/* Begin XCBuildConfiguration section */
		EB43B5F12218B24D00615BA5 /* Debug */ = {
			isa = XCBuildConfiguration;
			buildSettings = {
				ALWAYS_SEARCH_USER_PATHS = NO;
				CLANG_ANALYZER_NONNULL = YES;
				CLANG_ANALYZER_NUMBER_OBJECT_CONVERSION = YES_AGGRESSIVE;
				CLANG_CXX_LANGUAGE_STANDARD = "gnu++14";
				CLANG_CXX_LIBRARY = "libc++";
				CLANG_ENABLE_MODULES = YES;
				CLANG_ENABLE_OBJC_ARC = YES;
				CLANG_ENABLE_OBJC_WEAK = YES;
				CLANG_WARN_BLOCK_CAPTURE_AUTORELEASING = YES;
				CLANG_WARN_BOOL_CONVERSION = YES;
				CLANG_WARN_COMMA = YES;
				CLANG_WARN_CONSTANT_CONVERSION = YES;
				CLANG_WARN_DEPRECATED_OBJC_IMPLEMENTATIONS = YES;
				CLANG_WARN_DIRECT_OBJC_ISA_USAGE = YES_ERROR;
				CLANG_WARN_DOCUMENTATION_COMMENTS = YES;
				CLANG_WARN_EMPTY_BODY = YES;
				CLANG_WARN_ENUM_CONVERSION = YES;
				CLANG_WARN_INFINITE_RECURSION = YES;
				CLANG_WARN_INT_CONVERSION = YES;
				CLANG_WARN_NON_LITERAL_NULL_CONVERSION = YES;
				CLANG_WARN_OBJC_IMPLICIT_RETAIN_SELF = YES;
				CLANG_WARN_OBJC_LITERAL_CONVERSION = YES;
				CLANG_WARN_OBJC_ROOT_CLASS = YES_ERROR;
				CLANG_WARN_RANGE_LOOP_ANALYSIS = YES;
				CLANG_WARN_STRICT_PROTOTYPES = YES;
				CLANG_WARN_SUSPICIOUS_MOVE = YES;
				CLANG_WARN_UNGUARDED_AVAILABILITY = YES_AGGRESSIVE;
				CLANG_WARN_UNREACHABLE_CODE = YES;
				CLANG_WARN__DUPLICATE_METHOD_MATCH = YES;
				CODE_SIGN_IDENTITY = "iPhone Developer";
				COPY_PHASE_STRIP = NO;
				DEBUG_INFORMATION_FORMAT = dwarf;
				ENABLE_STRICT_OBJC_MSGSEND = YES;
				ENABLE_TESTABILITY = YES;
				GCC_C_LANGUAGE_STANDARD = gnu11;
				GCC_DYNAMIC_NO_PIC = NO;
				GCC_NO_COMMON_BLOCKS = YES;
				GCC_OPTIMIZATION_LEVEL = 0;
				GCC_PREPROCESSOR_DEFINITIONS = (
					"DEBUG=1",
					"$(inherited)",
				);
				GCC_WARN_64_TO_32_BIT_CONVERSION = YES;
				GCC_WARN_ABOUT_RETURN_TYPE = YES_ERROR;
				GCC_WARN_UNDECLARED_SELECTOR = YES;
				GCC_WARN_UNINITIALIZED_AUTOS = YES_AGGRESSIVE;
				GCC_WARN_UNUSED_FUNCTION = YES;
				GCC_WARN_UNUSED_VARIABLE = YES;
				IPHONEOS_DEPLOYMENT_TARGET = 12.1;
				MTL_ENABLE_DEBUG_INFO = INCLUDE_SOURCE;
				MTL_FAST_MATH = YES;
				ONLY_ACTIVE_ARCH = YES;
				SDKROOT = iphoneos;
				SWIFT_ACTIVE_COMPILATION_CONDITIONS = DEBUG;
				SWIFT_OPTIMIZATION_LEVEL = "-Onone";
			};
			name = Debug;
		};
		EB43B5F22218B24D00615BA5 /* Release */ = {
			isa = XCBuildConfiguration;
			buildSettings = {
				ALWAYS_SEARCH_USER_PATHS = NO;
				CLANG_ANALYZER_NONNULL = YES;
				CLANG_ANALYZER_NUMBER_OBJECT_CONVERSION = YES_AGGRESSIVE;
				CLANG_CXX_LANGUAGE_STANDARD = "gnu++14";
				CLANG_CXX_LIBRARY = "libc++";
				CLANG_ENABLE_MODULES = YES;
				CLANG_ENABLE_OBJC_ARC = YES;
				CLANG_ENABLE_OBJC_WEAK = YES;
				CLANG_WARN_BLOCK_CAPTURE_AUTORELEASING = YES;
				CLANG_WARN_BOOL_CONVERSION = YES;
				CLANG_WARN_COMMA = YES;
				CLANG_WARN_CONSTANT_CONVERSION = YES;
				CLANG_WARN_DEPRECATED_OBJC_IMPLEMENTATIONS = YES;
				CLANG_WARN_DIRECT_OBJC_ISA_USAGE = YES_ERROR;
				CLANG_WARN_DOCUMENTATION_COMMENTS = YES;
				CLANG_WARN_EMPTY_BODY = YES;
				CLANG_WARN_ENUM_CONVERSION = YES;
				CLANG_WARN_INFINITE_RECURSION = YES;
				CLANG_WARN_INT_CONVERSION = YES;
				CLANG_WARN_NON_LITERAL_NULL_CONVERSION = YES;
				CLANG_WARN_OBJC_IMPLICIT_RETAIN_SELF = YES;
				CLANG_WARN_OBJC_LITERAL_CONVERSION = YES;
				CLANG_WARN_OBJC_ROOT_CLASS = YES_ERROR;
				CLANG_WARN_RANGE_LOOP_ANALYSIS = YES;
				CLANG_WARN_STRICT_PROTOTYPES = YES;
				CLANG_WARN_SUSPICIOUS_MOVE = YES;
				CLANG_WARN_UNGUARDED_AVAILABILITY = YES_AGGRESSIVE;
				CLANG_WARN_UNREACHABLE_CODE = YES;
				CLANG_WARN__DUPLICATE_METHOD_MATCH = YES;
				CODE_SIGN_IDENTITY = "iPhone Developer";
				COPY_PHASE_STRIP = NO;
				DEBUG_INFORMATION_FORMAT = "dwarf-with-dsym";
				ENABLE_NS_ASSERTIONS = NO;
				ENABLE_STRICT_OBJC_MSGSEND = YES;
				GCC_C_LANGUAGE_STANDARD = gnu11;
				GCC_NO_COMMON_BLOCKS = YES;
				GCC_WARN_64_TO_32_BIT_CONVERSION = YES;
				GCC_WARN_ABOUT_RETURN_TYPE = YES_ERROR;
				GCC_WARN_UNDECLARED_SELECTOR = YES;
				GCC_WARN_UNINITIALIZED_AUTOS = YES_AGGRESSIVE;
				GCC_WARN_UNUSED_FUNCTION = YES;
				GCC_WARN_UNUSED_VARIABLE = YES;
				IPHONEOS_DEPLOYMENT_TARGET = 12.1;
				MTL_ENABLE_DEBUG_INFO = NO;
				MTL_FAST_MATH = YES;
				SDKROOT = iphoneos;
				SWIFT_COMPILATION_MODE = wholemodule;
				SWIFT_OPTIMIZATION_LEVEL = "-O";
				VALIDATE_PRODUCT = YES;
			};
			name = Release;
		};
		EB43B5F42218B24D00615BA5 /* Debug */ = {
			isa = XCBuildConfiguration;
			buildSettings = {
				ASSETCATALOG_COMPILER_APPICON_NAME = AppIcon;
				CODE_SIGN_STYLE = Automatic;
				INFOPLIST_FILE = Basics/Info.plist;
				LD_RUNPATH_SEARCH_PATHS = (
					"$(inherited)",
					"@executable_path/Frameworks",
				);
				PRODUCT_BUNDLE_IDENTIFIER = ttb.Basics;
				PRODUCT_NAME = "$(TARGET_NAME)";
				SWIFT_VERSION = 4.2;
				TARGETED_DEVICE_FAMILY = "1,2";
			};
			name = Debug;
		};
		EB43B5F52218B24D00615BA5 /* Release */ = {
			isa = XCBuildConfiguration;
			buildSettings = {
				ASSETCATALOG_COMPILER_APPICON_NAME = AppIcon;
				CODE_SIGN_STYLE = Automatic;
				INFOPLIST_FILE = Basics/Info.plist;
				LD_RUNPATH_SEARCH_PATHS = (
					"$(inherited)",
					"@executable_path/Frameworks",
				);
				PRODUCT_BUNDLE_IDENTIFIER = ttb.Basics;
				PRODUCT_NAME = "$(TARGET_NAME)";
				SWIFT_VERSION = 4.2;
				TARGETED_DEVICE_FAMILY = "1,2";
			};
			name = Release;
		};
		EB43B5F72218B24D00615BA5 /* Debug */ = {
			isa = XCBuildConfiguration;
			buildSettings = {
				ALWAYS_EMBED_SWIFT_STANDARD_LIBRARIES = YES;
				BUNDLE_LOADER = "$(TEST_HOST)";
				CODE_SIGN_STYLE = Automatic;
				INFOPLIST_FILE = BasicsTests/Info.plist;
				LD_RUNPATH_SEARCH_PATHS = (
					"$(inherited)",
					"@executable_path/Frameworks",
					"@loader_path/Frameworks",
				);
				PRODUCT_BUNDLE_IDENTIFIER = ttb.BasicsTests;
				PRODUCT_NAME = "$(TARGET_NAME)";
				SWIFT_VERSION = 4.2;
				TARGETED_DEVICE_FAMILY = "1,2";
				TEST_HOST = "$(BUILT_PRODUCTS_DIR)/Basics.app/Basics";
			};
			name = Debug;
		};
		EB43B5F82218B24D00615BA5 /* Release */ = {
			isa = XCBuildConfiguration;
			buildSettings = {
				ALWAYS_EMBED_SWIFT_STANDARD_LIBRARIES = YES;
				BUNDLE_LOADER = "$(TEST_HOST)";
				CODE_SIGN_STYLE = Automatic;
				INFOPLIST_FILE = BasicsTests/Info.plist;
				LD_RUNPATH_SEARCH_PATHS = (
					"$(inherited)",
					"@executable_path/Frameworks",
					"@loader_path/Frameworks",
				);
				PRODUCT_BUNDLE_IDENTIFIER = ttb.BasicsTests;
				PRODUCT_NAME = "$(TARGET_NAME)";
				SWIFT_VERSION = 4.2;
				TARGETED_DEVICE_FAMILY = "1,2";
				TEST_HOST = "$(BUILT_PRODUCTS_DIR)/Basics.app/Basics";
			};
			name = Release;
		};
		EB43B5FA2218B24D00615BA5 /* Debug */ = {
			isa = XCBuildConfiguration;
			buildSettings = {
				ALWAYS_EMBED_SWIFT_STANDARD_LIBRARIES = YES;
				CODE_SIGN_STYLE = Automatic;
				INFOPLIST_FILE = BasicsUITests/Info.plist;
				LD_RUNPATH_SEARCH_PATHS = (
					"$(inherited)",
					"@executable_path/Frameworks",
					"@loader_path/Frameworks",
				);
				PRODUCT_BUNDLE_IDENTIFIER = ttb.BasicsUITests;
				PRODUCT_NAME = "$(TARGET_NAME)";
				SWIFT_VERSION = 4.2;
				TARGETED_DEVICE_FAMILY = "1,2";
				TEST_TARGET_NAME = Basics;
			};
			name = Debug;
		};
		EB43B5FB2218B24D00615BA5 /* Release */ = {
			isa = XCBuildConfiguration;
			buildSettings = {
				ALWAYS_EMBED_SWIFT_STANDARD_LIBRARIES = YES;
				CODE_SIGN_STYLE = Automatic;
				INFOPLIST_FILE = BasicsUITests/Info.plist;
				LD_RUNPATH_SEARCH_PATHS = (
					"$(inherited)",
					"@executable_path/Frameworks",
					"@loader_path/Frameworks",
				);
				PRODUCT_BUNDLE_IDENTIFIER = ttb.BasicsUITests;
				PRODUCT_NAME = "$(TARGET_NAME)";
				SWIFT_VERSION = 4.2;
				TARGETED_DEVICE_FAMILY = "1,2";
				TEST_TARGET_NAME = Basics;
			};
			name = Release;
		};
/* End XCBuildConfiguration section */

/* Begin XCConfigurationList section */
		EB43B5C02218B24A00615BA5 /* Build configuration list for PBXProject "Basics" */ = {
			isa = XCConfigurationList;
			buildConfigurations = (
				EB43B5F12218B24D00615BA5 /* Debug */,
				EB43B5F22218B24D00615BA5 /* Release */,
			);
			defaultConfigurationIsVisible = 0;
			defaultConfigurationName = Release;
		};
		EB43B5F32218B24D00615BA5 /* Build configuration list for PBXNativeTarget "Basics" */ = {
			isa = XCConfigurationList;
			buildConfigurations = (
				EB43B5F42218B24D00615BA5 /* Debug */,
				EB43B5F52218B24D00615BA5 /* Release */,
			);
			defaultConfigurationIsVisible = 0;
			defaultConfigurationName = Release;
		};
		EB43B5F62218B24D00615BA5 /* Build configuration list for PBXNativeTarget "BasicsTests" */ = {
			isa = XCConfigurationList;
			buildConfigurations = (
				EB43B5F72218B24D00615BA5 /* Debug */,
				EB43B5F82218B24D00615BA5 /* Release */,
			);
			defaultConfigurationIsVisible = 0;
			defaultConfigurationName = Release;
		};
		EB43B5F92218B24D00615BA5 /* Build configuration list for PBXNativeTarget "BasicsUITests" */ = {
			isa = XCConfigurationList;
			buildConfigurations = (
				EB43B5FA2218B24D00615BA5 /* Debug */,
				EB43B5FB2218B24D00615BA5 /* Release */,
			);
			defaultConfigurationIsVisible = 0;
			defaultConfigurationName = Release;
		};
/* End XCConfigurationList section */
	};
	rootObject = EB43B5BD2218B24A00615BA5 /* Project object */;
}
